// !$*UTF8*$!
{
	archiveVersion = 1;
	classes = {
	};
	objectVersion = 50;
	objects = {

/* Begin PBXBuildFile section */
		861F0CBB26A6DF3800052E5A /* SwiftUIStuffApp.swift in Sources */ = {isa = PBXBuildFile; fileRef = 861F0CBA26A6DF3800052E5A /* SwiftUIStuffApp.swift */; };
		861F0CBD26A6DF3800052E5A /* ContentView.swift in Sources */ = {isa = PBXBuildFile; fileRef = 861F0CBC26A6DF3800052E5A /* ContentView.swift */; };
		861F0CBF26A6DF3900052E5A /* Assets.xcassets in Resources */ = {isa = PBXBuildFile; fileRef = 861F0CBE26A6DF3900052E5A /* Assets.xcassets */; };
		861F0CC226A6DF3900052E5A /* Preview Assets.xcassets in Resources */ = {isa = PBXBuildFile; fileRef = 861F0CC126A6DF3900052E5A /* Preview Assets.xcassets */; };
		861F0CDA26A6DFD900052E5A /* Animation1.swift in Sources */ = {isa = PBXBuildFile; fileRef = 861F0CD726A6DFD800052E5A /* Animation1.swift */; };
		861F0CDB26A6DFD900052E5A /* Animation0.swift in Sources */ = {isa = PBXBuildFile; fileRef = 861F0CD826A6DFD800052E5A /* Animation0.swift */; };
		861F0CDC26A6DFD900052E5A /* Animation2.swift in Sources */ = {isa = PBXBuildFile; fileRef = 861F0CD926A6DFD900052E5A /* Animation2.swift */; };
		861F0CDF26A6DFF100052E5A /* Transition0.swift in Sources */ = {isa = PBXBuildFile; fileRef = 861F0CDE26A6DFF100052E5A /* Transition0.swift */; };
		861F0CE226A6DFFA00052E5A /* List0.swift in Sources */ = {isa = PBXBuildFile; fileRef = 861F0CE126A6DFFA00052E5A /* List0.swift */; };
		861F0CE526A6E33700052E5A /* List1.swift in Sources */ = {isa = PBXBuildFile; fileRef = 861F0CE426A6E33700052E5A /* List1.swift */; };
		8661728F26A83AD4007C6ABC /* ActionSheet0.swift in Sources */ = {isa = PBXBuildFile; fileRef = 8661728E26A83AD4007C6ABC /* ActionSheet0.swift */; };
		86D1754526A7968200D18C1E /* Alert1.swift in Sources */ = {isa = PBXBuildFile; fileRef = 86D1754426A7968200D18C1E /* Alert1.swift */; };
/* End PBXBuildFile section */

/* Begin PBXFileReference section */
		861F0CB726A6DF3800052E5A /* SwiftUIStuff.app */ = {isa = PBXFileReference; explicitFileType = wrapper.application; includeInIndex = 0; path = SwiftUIStuff.app; sourceTree = BUILT_PRODUCTS_DIR; };
		861F0CBA26A6DF3800052E5A /* SwiftUIStuffApp.swift */ = {isa = PBXFileReference; lastKnownFileType = sourcecode.swift; path = SwiftUIStuffApp.swift; sourceTree = "<group>"; };
		861F0CBC26A6DF3800052E5A /* ContentView.swift */ = {isa = PBXFileReference; lastKnownFileType = sourcecode.swift; path = ContentView.swift; sourceTree = "<group>"; };
		861F0CBE26A6DF3900052E5A /* Assets.xcassets */ = {isa = PBXFileReference; lastKnownFileType = folder.assetcatalog; path = Assets.xcassets; sourceTree = "<group>"; };
		861F0CC126A6DF3900052E5A /* Preview Assets.xcassets */ = {isa = PBXFileReference; lastKnownFileType = folder.assetcatalog; path = "Preview Assets.xcassets"; sourceTree = "<group>"; };
		861F0CC326A6DF3900052E5A /* Info.plist */ = {isa = PBXFileReference; lastKnownFileType = text.plist.xml; path = Info.plist; sourceTree = "<group>"; };
		861F0CD726A6DFD800052E5A /* Animation1.swift */ = {isa = PBXFileReference; fileEncoding = 4; lastKnownFileType = sourcecode.swift; path = Animation1.swift; sourceTree = "<group>"; };
		861F0CD826A6DFD800052E5A /* Animation0.swift */ = {isa = PBXFileReference; fileEncoding = 4; lastKnownFileType = sourcecode.swift; path = Animation0.swift; sourceTree = "<group>"; };
		861F0CD926A6DFD900052E5A /* Animation2.swift */ = {isa = PBXFileReference; fileEncoding = 4; lastKnownFileType = sourcecode.swift; path = Animation2.swift; sourceTree = "<group>"; };
		861F0CDE26A6DFF100052E5A /* Transition0.swift */ = {isa = PBXFileReference; fileEncoding = 4; lastKnownFileType = sourcecode.swift; path = Transition0.swift; sourceTree = "<group>"; };
		861F0CE126A6DFFA00052E5A /* List0.swift */ = {isa = PBXFileReference; fileEncoding = 4; lastKnownFileType = sourcecode.swift; path = List0.swift; sourceTree = "<group>"; };
		861F0CE426A6E33700052E5A /* List1.swift */ = {isa = PBXFileReference; lastKnownFileType = sourcecode.swift; path = List1.swift; sourceTree = "<group>"; };
		8661728E26A83AD4007C6ABC /* ActionSheet0.swift */ = {isa = PBXFileReference; lastKnownFileType = sourcecode.swift; path = ActionSheet0.swift; sourceTree = "<group>"; };
		86D1754426A7968200D18C1E /* Alert1.swift */ = {isa = PBXFileReference; lastKnownFileType = sourcecode.swift; path = Alert1.swift; sourceTree = "<group>"; };
/* End PBXFileReference section */

/* Begin PBXFrameworksBuildPhase section */
		861F0CB426A6DF3800052E5A /* Frameworks */ = {
			isa = PBXFrameworksBuildPhase;
			buildActionMask = 2147483647;
			files = (
			);
			runOnlyForDeploymentPostprocessing = 0;
		};
/* End PBXFrameworksBuildPhase section */

/* Begin PBXGroup section */
		861F0CAE26A6DF3800052E5A = {
			isa = PBXGroup;
			children = (
				861F0CB926A6DF3800052E5A /* SwiftUIStuff */,
				861F0CB826A6DF3800052E5A /* Products */,
			);
			sourceTree = "<group>";
		};
		861F0CB826A6DF3800052E5A /* Products */ = {
			isa = PBXGroup;
			children = (
				861F0CB726A6DF3800052E5A /* SwiftUIStuff.app */,
			);
			name = Products;
			sourceTree = "<group>";
		};
		861F0CB926A6DF3800052E5A /* SwiftUIStuff */ = {
			isa = PBXGroup;
			children = (
				861F0CD326A6DF9800052E5A /* View */,
				861F0CBA26A6DF3800052E5A /* SwiftUIStuffApp.swift */,
				861F0CBC26A6DF3800052E5A /* ContentView.swift */,
				861F0CBE26A6DF3900052E5A /* Assets.xcassets */,
				861F0CC326A6DF3900052E5A /* Info.plist */,
				861F0CC026A6DF3900052E5A /* Preview Content */,
			);
			path = SwiftUIStuff;
			sourceTree = "<group>";
		};
		861F0CC026A6DF3900052E5A /* Preview Content */ = {
			isa = PBXGroup;
			children = (
				861F0CC126A6DF3900052E5A /* Preview Assets.xcassets */,
			);
			path = "Preview Content";
			sourceTree = "<group>";
		};
		861F0CD326A6DF9800052E5A /* View */ = {
			isa = PBXGroup;
			children = (
				8661728D26A83ABE007C6ABC /* ActionSheet */,
				86D1754326A7967600D18C1E /* Alert */,
				861F0CD626A6DFB200052E5A /* List */,
				861F0CD526A6DFAA00052E5A /* Transition */,
				861F0CD426A6DFA100052E5A /* Animation */,
			);
			path = View;
			sourceTree = "<group>";
		};
		861F0CD426A6DFA100052E5A /* Animation */ = {
			isa = PBXGroup;
			children = (
				861F0CD826A6DFD800052E5A /* Animation0.swift */,
				861F0CD726A6DFD800052E5A /* Animation1.swift */,
				861F0CD926A6DFD900052E5A /* Animation2.swift */,
			);
			path = Animation;
			sourceTree = "<group>";
		};
		861F0CD526A6DFAA00052E5A /* Transition */ = {
			isa = PBXGroup;
			children = (
				861F0CDE26A6DFF100052E5A /* Transition0.swift */,
			);
			path = Transition;
			sourceTree = "<group>";
		};
		861F0CD626A6DFB200052E5A /* List */ = {
			isa = PBXGroup;
			children = (
				861F0CE126A6DFFA00052E5A /* List0.swift */,
				861F0CE426A6E33700052E5A /* List1.swift */,
			);
			path = List;
			sourceTree = "<group>";
		};
		8661728D26A83ABE007C6ABC /* ActionSheet */ = {
			isa = PBXGroup;
			children = (
				8661728E26A83AD4007C6ABC /* ActionSheet0.swift */,
			);
			path = ActionSheet;
			sourceTree = "<group>";
		};
		86D1754326A7967600D18C1E /* Alert */ = {
			isa = PBXGroup;
			children = (
				86D1754426A7968200D18C1E /* Alert1.swift */,
			);
			path = Alert;
			sourceTree = "<group>";
		};
/* End PBXGroup section */

/* Begin PBXNativeTarget section */
		861F0CB626A6DF3800052E5A /* SwiftUIStuff */ = {
			isa = PBXNativeTarget;
			buildConfigurationList = 861F0CC626A6DF3900052E5A /* Build configuration list for PBXNativeTarget "SwiftUIStuff" */;
			buildPhases = (
				861F0CB326A6DF3800052E5A /* Sources */,
				861F0CB426A6DF3800052E5A /* Frameworks */,
				861F0CB526A6DF3800052E5A /* Resources */,
			);
			buildRules = (
			);
			dependencies = (
			);
			name = SwiftUIStuff;
			productName = SwiftUIStuff;
			productReference = 861F0CB726A6DF3800052E5A /* SwiftUIStuff.app */;
			productType = "com.apple.product-type.application";
		};
/* End PBXNativeTarget section */

/* Begin PBXProject section */
		861F0CAF26A6DF3800052E5A /* Project object */ = {
			isa = PBXProject;
			attributes = {
				LastSwiftUpdateCheck = 1220;
				LastUpgradeCheck = 1220;
				TargetAttributes = {
					861F0CB626A6DF3800052E5A = {
						CreatedOnToolsVersion = 12.2;
					};
				};
			};
			buildConfigurationList = 861F0CB226A6DF3800052E5A /* Build configuration list for PBXProject "SwiftUIStuff" */;
			compatibilityVersion = "Xcode 9.3";
			developmentRegion = en;
			hasScannedForEncodings = 0;
			knownRegions = (
				en,
				Base,
			);
			mainGroup = 861F0CAE26A6DF3800052E5A;
			productRefGroup = 861F0CB826A6DF3800052E5A /* Products */;
			projectDirPath = "";
			projectRoot = "";
			targets = (
				861F0CB626A6DF3800052E5A /* SwiftUIStuff */,
			);
		};
/* End PBXProject section */

/* Begin PBXResourcesBuildPhase section */
		861F0CB526A6DF3800052E5A /* Resources */ = {
			isa = PBXResourcesBuildPhase;
			buildActionMask = 2147483647;
			files = (
				861F0CC226A6DF3900052E5A /* Preview Assets.xcassets in Resources */,
				861F0CBF26A6DF3900052E5A /* Assets.xcassets in Resources */,
			);
			runOnlyForDeploymentPostprocessing = 0;
		};
/* End PBXResourcesBuildPhase section */

/* Begin PBXSourcesBuildPhase section */
		861F0CB326A6DF3800052E5A /* Sources */ = {
			isa = PBXSourcesBuildPhase;
			buildActionMask = 2147483647;
			files = (
				8661728F26A83AD4007C6ABC /* ActionSheet0.swift in Sources */,
				861F0CE226A6DFFA00052E5A /* List0.swift in Sources */,
				861F0CDA26A6DFD900052E5A /* Animation1.swift in Sources */,
				861F0CBD26A6DF3800052E5A /* ContentView.swift in Sources */,
				861F0CE526A6E33700052E5A /* List1.swift in Sources */,
				861F0CDC26A6DFD900052E5A /* Animation2.swift in Sources */,
				861F0CBB26A6DF3800052E5A /* SwiftUIStuffApp.swift in Sources */,
				861F0CDB26A6DFD900052E5A /* Animation0.swift in Sources */,
				86D1754526A7968200D18C1E /* Alert1.swift in Sources */,
				861F0CDF26A6DFF100052E5A /* Transition0.swift in Sources */,
			);
			runOnlyForDeploymentPostprocessing = 0;
		};
/* End PBXSourcesBuildPhase section */

/* Begin XCBuildConfiguration section */
		861F0CC426A6DF3900052E5A /* Debug */ = {
			isa = XCBuildConfiguration;
			buildSettings = {
				ALWAYS_SEARCH_USER_PATHS = NO;
				CLANG_ANALYZER_NONNULL = YES;
				CLANG_ANALYZER_NUMBER_OBJECT_CONVERSION = YES_AGGRESSIVE;
				CLANG_CXX_LANGUAGE_STANDARD = "gnu++14";
				CLANG_CXX_LIBRARY = "libc++";
				CLANG_ENABLE_MODULES = YES;
				CLANG_ENABLE_OBJC_ARC = YES;
				CLANG_ENABLE_OBJC_WEAK = YES;
				CLANG_WARN_BLOCK_CAPTURE_AUTORELEASING = YES;
				CLANG_WARN_BOOL_CONVERSION = YES;
				CLANG_WARN_COMMA = YES;
				CLANG_WARN_CONSTANT_CONVERSION = YES;
				CLANG_WARN_DEPRECATED_OBJC_IMPLEMENTATIONS = YES;
				CLANG_WARN_DIRECT_OBJC_ISA_USAGE = YES_ERROR;
				CLANG_WARN_DOCUMENTATION_COMMENTS = YES;
				CLANG_WARN_EMPTY_BODY = YES;
				CLANG_WARN_ENUM_CONVERSION = YES;
				CLANG_WARN_INFINITE_RECURSION = YES;
				CLANG_WARN_INT_CONVERSION = YES;
				CLANG_WARN_NON_LITERAL_NULL_CONVERSION = YES;
				CLANG_WARN_OBJC_IMPLICIT_RETAIN_SELF = YES;
				CLANG_WARN_OBJC_LITERAL_CONVERSION = YES;
				CLANG_WARN_OBJC_ROOT_CLASS = YES_ERROR;
				CLANG_WARN_QUOTED_INCLUDE_IN_FRAMEWORK_HEADER = YES;
				CLANG_WARN_RANGE_LOOP_ANALYSIS = YES;
				CLANG_WARN_STRICT_PROTOTYPES = YES;
				CLANG_WARN_SUSPICIOUS_MOVE = YES;
				CLANG_WARN_UNGUARDED_AVAILABILITY = YES_AGGRESSIVE;
				CLANG_WARN_UNREACHABLE_CODE = YES;
				CLANG_WARN__DUPLICATE_METHOD_MATCH = YES;
				COPY_PHASE_STRIP = NO;
				DEBUG_INFORMATION_FORMAT = dwarf;
				ENABLE_STRICT_OBJC_MSGSEND = YES;
				ENABLE_TESTABILITY = YES;
				GCC_C_LANGUAGE_STANDARD = gnu11;
				GCC_DYNAMIC_NO_PIC = NO;
				GCC_NO_COMMON_BLOCKS = YES;
				GCC_OPTIMIZATION_LEVEL = 0;
				GCC_PREPROCESSOR_DEFINITIONS = (
					"DEBUG=1",
					"$(inherited)",
				);
				GCC_WARN_64_TO_32_BIT_CONVERSION = YES;
				GCC_WARN_ABOUT_RETURN_TYPE = YES_ERROR;
				GCC_WARN_UNDECLARED_SELECTOR = YES;
				GCC_WARN_UNINITIALIZED_AUTOS = YES_AGGRESSIVE;
				GCC_WARN_UNUSED_FUNCTION = YES;
				GCC_WARN_UNUSED_VARIABLE = YES;
				IPHONEOS_DEPLOYMENT_TARGET = 14.2;
				MTL_ENABLE_DEBUG_INFO = INCLUDE_SOURCE;
				MTL_FAST_MATH = YES;
				ONLY_ACTIVE_ARCH = YES;
				SDKROOT = iphoneos;
				SWIFT_ACTIVE_COMPILATION_CONDITIONS = DEBUG;
				SWIFT_OPTIMIZATION_LEVEL = "-Onone";
			};
			name = Debug;
		};
		861F0CC526A6DF3900052E5A /* Release */ = {
			isa = XCBuildConfiguration;
			buildSettings = {
				ALWAYS_SEARCH_USER_PATHS = NO;
				CLANG_ANALYZER_NONNULL = YES;
				CLANG_ANALYZER_NUMBER_OBJECT_CONVERSION = YES_AGGRESSIVE;
				CLANG_CXX_LANGUAGE_STANDARD = "gnu++14";
				CLANG_CXX_LIBRARY = "libc++";
				CLANG_ENABLE_MODULES = YES;
				CLANG_ENABLE_OBJC_ARC = YES;
				CLANG_ENABLE_OBJC_WEAK = YES;
				CLANG_WARN_BLOCK_CAPTURE_AUTORELEASING = YES;
				CLANG_WARN_BOOL_CONVERSION = YES;
				CLANG_WARN_COMMA = YES;
				CLANG_WARN_CONSTANT_CONVERSION = YES;
				CLANG_WARN_DEPRECATED_OBJC_IMPLEMENTATIONS = YES;
				CLANG_WARN_DIRECT_OBJC_ISA_USAGE = YES_ERROR;
				CLANG_WARN_DOCUMENTATION_COMMENTS = YES;
				CLANG_WARN_EMPTY_BODY = YES;
				CLANG_WARN_ENUM_CONVERSION = YES;
				CLANG_WARN_INFINITE_RECURSION = YES;
				CLANG_WARN_INT_CONVERSION = YES;
				CLANG_WARN_NON_LITERAL_NULL_CONVERSION = YES;
				CLANG_WARN_OBJC_IMPLICIT_RETAIN_SELF = YES;
				CLANG_WARN_OBJC_LITERAL_CONVERSION = YES;
				CLANG_WARN_OBJC_ROOT_CLASS = YES_ERROR;
				CLANG_WARN_QUOTED_INCLUDE_IN_FRAMEWORK_HEADER = YES;
				CLANG_WARN_RANGE_LOOP_ANALYSIS = YES;
				CLANG_WARN_STRICT_PROTOTYPES = YES;
				CLANG_WARN_SUSPICIOUS_MOVE = YES;
				CLANG_WARN_UNGUARDED_AVAILABILITY = YES_AGGRESSIVE;
				CLANG_WARN_UNREACHABLE_CODE = YES;
				CLANG_WARN__DUPLICATE_METHOD_MATCH = YES;
				COPY_PHASE_STRIP = NO;
				DEBUG_INFORMATION_FORMAT = "dwarf-with-dsym";
				ENABLE_NS_ASSERTIONS = NO;
				ENABLE_STRICT_OBJC_MSGSEND = YES;
				GCC_C_LANGUAGE_STANDARD = gnu11;
				GCC_NO_COMMON_BLOCKS = YES;
				GCC_WARN_64_TO_32_BIT_CONVERSION = YES;
				GCC_WARN_ABOUT_RETURN_TYPE = YES_ERROR;
				GCC_WARN_UNDECLARED_SELECTOR = YES;
				GCC_WARN_UNINITIALIZED_AUTOS = YES_AGGRESSIVE;
				GCC_WARN_UNUSED_FUNCTION = YES;
				GCC_WARN_UNUSED_VARIABLE = YES;
				IPHONEOS_DEPLOYMENT_TARGET = 14.2;
				MTL_ENABLE_DEBUG_INFO = NO;
				MTL_FAST_MATH = YES;
				SDKROOT = iphoneos;
				SWIFT_COMPILATION_MODE = wholemodule;
				SWIFT_OPTIMIZATION_LEVEL = "-O";
				VALIDATE_PRODUCT = YES;
			};
			name = Release;
		};
		861F0CC726A6DF3900052E5A /* Debug */ = {
			isa = XCBuildConfiguration;
			buildSettings = {
				ASSETCATALOG_COMPILER_APPICON_NAME = AppIcon;
				ASSETCATALOG_COMPILER_GLOBAL_ACCENT_COLOR_NAME = AccentColor;
				CODE_SIGN_STYLE = Automatic;
				DEVELOPMENT_ASSET_PATHS = "\"SwiftUIStuff/Preview Content\"";
				DEVELOPMENT_TEAM = 4DLG5U7G57;
				ENABLE_PREVIEWS = YES;
				INFOPLIST_FILE = SwiftUIStuff/Info.plist;
				IPHONEOS_DEPLOYMENT_TARGET = 14.0;
				LD_RUNPATH_SEARCH_PATHS = (
					"$(inherited)",
					"@executable_path/Frameworks",
				);
				PRODUCT_BUNDLE_IDENTIFIER = com.emoh.SwiftUIStuff;
				PRODUCT_NAME = "$(TARGET_NAME)";
				SWIFT_VERSION = 5.0;
				TARGETED_DEVICE_FAMILY = "1,2";
			};
			name = Debug;
		};
		861F0CC826A6DF3900052E5A /* Release */ = {
			isa = XCBuildConfiguration;
			buildSettings = {
				ASSETCATALOG_COMPILER_APPICON_NAME = AppIcon;
				ASSETCATALOG_COMPILER_GLOBAL_ACCENT_COLOR_NAME = AccentColor;
				CODE_SIGN_STYLE = Automatic;
				DEVELOPMENT_ASSET_PATHS = "\"SwiftUIStuff/Preview Content\"";
				DEVELOPMENT_TEAM = 4DLG5U7G57;
				ENABLE_PREVIEWS = YES;
				INFOPLIST_FILE = SwiftUIStuff/Info.plist;
				IPHONEOS_DEPLOYMENT_TARGET = 14.0;
				LD_RUNPATH_SEARCH_PATHS = (
					"$(inherited)",
					"@executable_path/Frameworks",
				);
				PRODUCT_BUNDLE_IDENTIFIER = com.emoh.SwiftUIStuff;
				PRODUCT_NAME = "$(TARGET_NAME)";
				SWIFT_VERSION = 5.0;
				TARGETED_DEVICE_FAMILY = "1,2";
			};
			name = Release;
		};
/* End XCBuildConfiguration section */

/* Begin XCConfigurationList section */
		861F0CB226A6DF3800052E5A /* Build configuration list for PBXProject "SwiftUIStuff" */ = {
			isa = XCConfigurationList;
			buildConfigurations = (
				861F0CC426A6DF3900052E5A /* Debug */,
				861F0CC526A6DF3900052E5A /* Release */,
			);
			defaultConfigurationIsVisible = 0;
			defaultConfigurationName = Release;
		};
		861F0CC626A6DF3900052E5A /* Build configuration list for PBXNativeTarget "SwiftUIStuff" */ = {
			isa = XCConfigurationList;
			buildConfigurations = (
				861F0CC726A6DF3900052E5A /* Debug */,
				861F0CC826A6DF3900052E5A /* Release */,
			);
			defaultConfigurationIsVisible = 0;
			defaultConfigurationName = Release;
		};
/* End XCConfigurationList section */
	};
	rootObject = 861F0CAF26A6DF3800052E5A /* Project object */;
}
